// !$*UTF8*$!
{
	archiveVersion = 1;
	classes = {
	};
	objectVersion = 51;
	objects = {

/* Begin PBXBuildFile section */
		773618F8235F6EDF00AE271D /* AppDelegate.swift in Sources */ = {isa = PBXBuildFile; fileRef = 773618F7235F6EDF00AE271D /* AppDelegate.swift */; };
		773618FA235F6EDF00AE271D /* SceneDelegate.swift in Sources */ = {isa = PBXBuildFile; fileRef = 773618F9235F6EDF00AE271D /* SceneDelegate.swift */; };
		773618FF235F6EDF00AE271D /* Main.storyboard in Resources */ = {isa = PBXBuildFile; fileRef = 773618FD235F6EDF00AE271D /* Main.storyboard */; };
		77361901235F6EE000AE271D /* Assets.xcassets in Resources */ = {isa = PBXBuildFile; fileRef = 77361900235F6EE000AE271D /* Assets.xcassets */; };
		77361904235F6EE000AE271D /* LaunchScreen.storyboard in Resources */ = {isa = PBXBuildFile; fileRef = 77361902235F6EE000AE271D /* LaunchScreen.storyboard */; };
		7736190C235F72A100AE271D /* TripListTableViewController.swift in Sources */ = {isa = PBXBuildFile; fileRef = 7736190B235F72A100AE271D /* TripListTableViewController.swift */; };
		7736190E235F79C100AE271D /* TripListModel.swift in Sources */ = {isa = PBXBuildFile; fileRef = 7736190D235F79C100AE271D /* TripListModel.swift */; };
		77361910235F7E5E00AE271D /* EventModel.swift in Sources */ = {isa = PBXBuildFile; fileRef = 7736190F235F7E5E00AE271D /* EventModel.swift */; };
		7736191223621DCA00AE271D /* StorageManager.swift in Sources */ = {isa = PBXBuildFile; fileRef = 7736191123621DCA00AE271D /* StorageManager.swift */; };
		773619142362359E00AE271D /* TripListTableViewDataSourse.swift in Sources */ = {isa = PBXBuildFile; fileRef = 773619132362359E00AE271D /* TripListTableViewDataSourse.swift */; };
		774BC881238A8F0900BFC226 /* TripListTableSegueManager.swift in Sources */ = {isa = PBXBuildFile; fileRef = 774BC880238A8F0900BFC226 /* TripListTableSegueManager.swift */; };
		774E36B6238B3AAE00DC4624 /* AddTripViewSetupOptions.swift in Sources */ = {isa = PBXBuildFile; fileRef = 774E36B5238B3AAE00DC4624 /* AddTripViewSetupOptions.swift */; };
		775F545A2385CB12005F9AB2 /* TripListTableViewTrailingSwipeAction.swift in Sources */ = {isa = PBXBuildFile; fileRef = 775F54592385CB12005F9AB2 /* TripListTableViewTrailingSwipeAction.swift */; };
		7761A58D236A05AF0067C209 /* TripListNavigationBarDesign.swift in Sources */ = {isa = PBXBuildFile; fileRef = 7761A58C236A05AF0067C209 /* TripListNavigationBarDesign.swift */; };
		7761A58F236B780C0067C209 /* AddEventViewController.swift in Sources */ = {isa = PBXBuildFile; fileRef = 7761A58E236B780C0067C209 /* AddEventViewController.swift */; };
		7761A591236B80900067C209 /* TripTableViewController.swift in Sources */ = {isa = PBXBuildFile; fileRef = 7761A590236B80900067C209 /* TripTableViewController.swift */; };
		7761A593236C29C90067C209 /* TripNavigationBarDesign.swift in Sources */ = {isa = PBXBuildFile; fileRef = 7761A592236C29C90067C209 /* TripNavigationBarDesign.swift */; };
		7761A595236C322D0067C209 /* ImageManager.swift in Sources */ = {isa = PBXBuildFile; fileRef = 7761A594236C322D0067C209 /* ImageManager.swift */; };
		7761A59A236CC46D0067C209 /* TripTableViewDataSourse.swift in Sources */ = {isa = PBXBuildFile; fileRef = 7761A599236CC46D0067C209 /* TripTableViewDataSourse.swift */; };
		7761A59E236F0D250067C209 /* AddEventPickerViewDataSourse.swift in Sources */ = {isa = PBXBuildFile; fileRef = 7761A59D236F0D250067C209 /* AddEventPickerViewDataSourse.swift */; };
		7761A5A0236F10DD0067C209 /* EventTypeModel.swift in Sources */ = {isa = PBXBuildFile; fileRef = 7761A59F236F10DD0067C209 /* EventTypeModel.swift */; };
		77CDE748238BD65C00802DF3 /* TripTableSegueManager.swift in Sources */ = {isa = PBXBuildFile; fileRef = 77CDE747238BD65C00802DF3 /* TripTableSegueManager.swift */; };
		77CDE74A238C809B00802DF3 /* AddTripDataEditCheck.swift in Sources */ = {isa = PBXBuildFile; fileRef = 77CDE749238C809B00802DF3 /* AddTripDataEditCheck.swift */; };
		77D418BF236F52C90095CD98 /* AddTripViewController.swift in Sources */ = {isa = PBXBuildFile; fileRef = 77D418BE236F52C90095CD98 /* AddTripViewController.swift */; };
		77D418C523708FA90095CD98 /* AddEventNavigationBarDesign.swift in Sources */ = {isa = PBXBuildFile; fileRef = 77D418C423708FA90095CD98 /* AddEventNavigationBarDesign.swift */; };
		77D418C72371E5A30095CD98 /* AddTripPickerViewDataSourse.swift in Sources */ = {isa = PBXBuildFile; fileRef = 77D418C62371E5A30095CD98 /* AddTripPickerViewDataSourse.swift */; };
		77D418C92371E7CB0095CD98 /* AddTripAlertContoller.swift in Sources */ = {isa = PBXBuildFile; fileRef = 77D418C82371E7CB0095CD98 /* AddTripAlertContoller.swift */; };
		77D418CE237202000095CD98 /* UIButtonExtension.swift in Sources */ = {isa = PBXBuildFile; fileRef = 77D418CD237202000095CD98 /* UIButtonExtension.swift */; };
		77D418D22373447A0095CD98 /* AddTripDataPickerDataSourse.swift in Sources */ = {isa = PBXBuildFile; fileRef = 77D418D12373447A0095CD98 /* AddTripDataPickerDataSourse.swift */; };
		77D418D42373524D0095CD98 /* DateManager.swift in Sources */ = {isa = PBXBuildFile; fileRef = 77D418D32373524D0095CD98 /* DateManager.swift */; };
		77EB954E23887B62003BFFC6 /* TableUpdateManager.swift in Sources */ = {isa = PBXBuildFile; fileRef = 77EB954D23887B62003BFFC6 /* TableUpdateManager.swift */; };
		B1EDF778B35BE9DAECEB7BDA /* Pods_TripBook.framework in Frameworks */ = {isa = PBXBuildFile; fileRef = 246DABF25B76C2FC55E38E6A /* Pods_TripBook.framework */; };
/* End PBXBuildFile section */

/* Begin PBXFileReference section */
		246DABF25B76C2FC55E38E6A /* Pods_TripBook.framework */ = {isa = PBXFileReference; explicitFileType = wrapper.framework; includeInIndex = 0; path = Pods_TripBook.framework; sourceTree = BUILT_PRODUCTS_DIR; };
		773618F4235F6EDF00AE271D /* TripBook.app */ = {isa = PBXFileReference; explicitFileType = wrapper.application; includeInIndex = 0; path = TripBook.app; sourceTree = BUILT_PRODUCTS_DIR; };
		773618F7235F6EDF00AE271D /* AppDelegate.swift */ = {isa = PBXFileReference; lastKnownFileType = sourcecode.swift; path = AppDelegate.swift; sourceTree = "<group>"; };
		773618F9235F6EDF00AE271D /* SceneDelegate.swift */ = {isa = PBXFileReference; lastKnownFileType = sourcecode.swift; path = SceneDelegate.swift; sourceTree = "<group>"; };
		773618FE235F6EDF00AE271D /* Base */ = {isa = PBXFileReference; lastKnownFileType = file.storyboard; name = Base; path = Base.lproj/Main.storyboard; sourceTree = "<group>"; };
		77361900235F6EE000AE271D /* Assets.xcassets */ = {isa = PBXFileReference; lastKnownFileType = folder.assetcatalog; path = Assets.xcassets; sourceTree = "<group>"; };
		77361903235F6EE000AE271D /* Base */ = {isa = PBXFileReference; lastKnownFileType = file.storyboard; name = Base; path = Base.lproj/LaunchScreen.storyboard; sourceTree = "<group>"; };
		77361905235F6EE000AE271D /* Info.plist */ = {isa = PBXFileReference; lastKnownFileType = text.plist.xml; path = Info.plist; sourceTree = "<group>"; };
		7736190B235F72A100AE271D /* TripListTableViewController.swift */ = {isa = PBXFileReference; lastKnownFileType = sourcecode.swift; name = TripListTableViewController.swift; path = /Users/viktor/Developer/TripBook/TripBook/TripListTableViewController.swift; sourceTree = "<absolute>"; };
		7736190D235F79C100AE271D /* TripListModel.swift */ = {isa = PBXFileReference; lastKnownFileType = sourcecode.swift; path = TripListModel.swift; sourceTree = "<group>"; };
		7736190F235F7E5E00AE271D /* EventModel.swift */ = {isa = PBXFileReference; lastKnownFileType = sourcecode.swift; path = EventModel.swift; sourceTree = "<group>"; };
		7736191123621DCA00AE271D /* StorageManager.swift */ = {isa = PBXFileReference; lastKnownFileType = sourcecode.swift; path = StorageManager.swift; sourceTree = "<group>"; };
		773619132362359E00AE271D /* TripListTableViewDataSourse.swift */ = {isa = PBXFileReference; lastKnownFileType = sourcecode.swift; path = TripListTableViewDataSourse.swift; sourceTree = "<group>"; };
		774BC880238A8F0900BFC226 /* TripListTableSegueManager.swift */ = {isa = PBXFileReference; lastKnownFileType = sourcecode.swift; path = TripListTableSegueManager.swift; sourceTree = "<group>"; };
		774E36B5238B3AAE00DC4624 /* AddTripViewSetupOptions.swift */ = {isa = PBXFileReference; lastKnownFileType = sourcecode.swift; path = AddTripViewSetupOptions.swift; sourceTree = "<group>"; };
		775F54592385CB12005F9AB2 /* TripListTableViewTrailingSwipeAction.swift */ = {isa = PBXFileReference; lastKnownFileType = sourcecode.swift; path = TripListTableViewTrailingSwipeAction.swift; sourceTree = "<group>"; };
		7761A58C236A05AF0067C209 /* TripListNavigationBarDesign.swift */ = {isa = PBXFileReference; lastKnownFileType = sourcecode.swift; path = TripListNavigationBarDesign.swift; sourceTree = "<group>"; };
		7761A58E236B780C0067C209 /* AddEventViewController.swift */ = {isa = PBXFileReference; lastKnownFileType = sourcecode.swift; path = AddEventViewController.swift; sourceTree = "<group>"; };
		7761A590236B80900067C209 /* TripTableViewController.swift */ = {isa = PBXFileReference; lastKnownFileType = sourcecode.swift; path = TripTableViewController.swift; sourceTree = "<group>"; };
		7761A592236C29C90067C209 /* TripNavigationBarDesign.swift */ = {isa = PBXFileReference; lastKnownFileType = sourcecode.swift; path = TripNavigationBarDesign.swift; sourceTree = "<group>"; };
		7761A594236C322D0067C209 /* ImageManager.swift */ = {isa = PBXFileReference; lastKnownFileType = sourcecode.swift; path = ImageManager.swift; sourceTree = "<group>"; };
		7761A599236CC46D0067C209 /* TripTableViewDataSourse.swift */ = {isa = PBXFileReference; lastKnownFileType = sourcecode.swift; path = TripTableViewDataSourse.swift; sourceTree = "<group>"; };
		7761A59D236F0D250067C209 /* AddEventPickerViewDataSourse.swift */ = {isa = PBXFileReference; lastKnownFileType = sourcecode.swift; path = AddEventPickerViewDataSourse.swift; sourceTree = "<group>"; };
		7761A59F236F10DD0067C209 /* EventTypeModel.swift */ = {isa = PBXFileReference; lastKnownFileType = sourcecode.swift; name = EventTypeModel.swift; path = /Users/viktor/Developer/TripBook/TripBook/Models/EventTypeModel.swift; sourceTree = "<absolute>"; };
		77CDE747238BD65C00802DF3 /* TripTableSegueManager.swift */ = {isa = PBXFileReference; lastKnownFileType = sourcecode.swift; path = TripTableSegueManager.swift; sourceTree = "<group>"; };
		77CDE749238C809B00802DF3 /* AddTripDataEditCheck.swift */ = {isa = PBXFileReference; lastKnownFileType = sourcecode.swift; path = AddTripDataEditCheck.swift; sourceTree = "<group>"; };
		77D418BE236F52C90095CD98 /* AddTripViewController.swift */ = {isa = PBXFileReference; lastKnownFileType = sourcecode.swift; path = AddTripViewController.swift; sourceTree = "<group>"; };
		77D418C423708FA90095CD98 /* AddEventNavigationBarDesign.swift */ = {isa = PBXFileReference; lastKnownFileType = sourcecode.swift; path = AddEventNavigationBarDesign.swift; sourceTree = "<group>"; };
		77D418C62371E5A30095CD98 /* AddTripPickerViewDataSourse.swift */ = {isa = PBXFileReference; lastKnownFileType = sourcecode.swift; path = AddTripPickerViewDataSourse.swift; sourceTree = "<group>"; };
		77D418C82371E7CB0095CD98 /* AddTripAlertContoller.swift */ = {isa = PBXFileReference; lastKnownFileType = sourcecode.swift; path = AddTripAlertContoller.swift; sourceTree = "<group>"; };
		77D418CD237202000095CD98 /* UIButtonExtension.swift */ = {isa = PBXFileReference; lastKnownFileType = sourcecode.swift; path = UIButtonExtension.swift; sourceTree = "<group>"; };
		77D418D12373447A0095CD98 /* AddTripDataPickerDataSourse.swift */ = {isa = PBXFileReference; lastKnownFileType = sourcecode.swift; path = AddTripDataPickerDataSourse.swift; sourceTree = "<group>"; };
		77D418D32373524D0095CD98 /* DateManager.swift */ = {isa = PBXFileReference; lastKnownFileType = sourcecode.swift; path = DateManager.swift; sourceTree = "<group>"; };
		77EB954D23887B62003BFFC6 /* TableUpdateManager.swift */ = {isa = PBXFileReference; lastKnownFileType = sourcecode.swift; path = TableUpdateManager.swift; sourceTree = "<group>"; };
		7F5333B0C2092ED975E3E899 /* Pods-TripBook.release.xcconfig */ = {isa = PBXFileReference; includeInIndex = 1; lastKnownFileType = text.xcconfig; name = "Pods-TripBook.release.xcconfig"; path = "Target Support Files/Pods-TripBook/Pods-TripBook.release.xcconfig"; sourceTree = "<group>"; };
		E65C64B9C3CE5F90A3E71351 /* Pods-TripBook.debug.xcconfig */ = {isa = PBXFileReference; includeInIndex = 1; lastKnownFileType = text.xcconfig; name = "Pods-TripBook.debug.xcconfig"; path = "Target Support Files/Pods-TripBook/Pods-TripBook.debug.xcconfig"; sourceTree = "<group>"; };
/* End PBXFileReference section */

/* Begin PBXFrameworksBuildPhase section */
		773618F1235F6EDF00AE271D /* Frameworks */ = {
			isa = PBXFrameworksBuildPhase;
			buildActionMask = 2147483647;
			files = (
				B1EDF778B35BE9DAECEB7BDA /* Pods_TripBook.framework in Frameworks */,
			);
			runOnlyForDeploymentPostprocessing = 0;
		};
/* End PBXFrameworksBuildPhase section */

/* Begin PBXGroup section */
		3AB1C13E440A3DAE0B0D9067 /* Pods */ = {
			isa = PBXGroup;
			children = (
				E65C64B9C3CE5F90A3E71351 /* Pods-TripBook.debug.xcconfig */,
				7F5333B0C2092ED975E3E899 /* Pods-TripBook.release.xcconfig */,
			);
			path = Pods;
			sourceTree = "<group>";
		};
		4A70BC9B31D8C4A405FC7B94 /* Frameworks */ = {
			isa = PBXGroup;
			children = (
				246DABF25B76C2FC55E38E6A /* Pods_TripBook.framework */,
			);
			name = Frameworks;
			sourceTree = "<group>";
		};
		773618EB235F6EDF00AE271D = {
			isa = PBXGroup;
			children = (
				773618F6235F6EDF00AE271D /* TripBook */,
				773618F5235F6EDF00AE271D /* Products */,
				3AB1C13E440A3DAE0B0D9067 /* Pods */,
				4A70BC9B31D8C4A405FC7B94 /* Frameworks */,
			);
			sourceTree = "<group>";
		};
		773618F5235F6EDF00AE271D /* Products */ = {
			isa = PBXGroup;
			children = (
				773618F4235F6EDF00AE271D /* TripBook.app */,
			);
			name = Products;
			sourceTree = "<group>";
		};
		773618F6235F6EDF00AE271D /* TripBook */ = {
			isa = PBXGroup;
			children = (
				773618F7235F6EDF00AE271D /* AppDelegate.swift */,
				773618F9235F6EDF00AE271D /* SceneDelegate.swift */,
				77D418CD237202000095CD98 /* UIButtonExtension.swift */,
				7761A598236C36130067C209 /* Models */,
				77D418CC237201DA0095CD98 /* Managers */,
				7761A596236C35E80067C209 /* TripList */,
				7761A597236C35F60067C209 /* Trip */,
				7761A5A4236F1A650067C209 /* AddTrip */,
				7761A5A1236F14920067C209 /* AddEvent */,
				773618FD235F6EDF00AE271D /* Main.storyboard */,
				77D418C62371E5A30095CD98 /* AddTripPickerViewDataSourse.swift */,
				77361900235F6EE000AE271D /* Assets.xcassets */,
				77361902235F6EE000AE271D /* LaunchScreen.storyboard */,
				77361905235F6EE000AE271D /* Info.plist */,
			);
			path = TripBook;
			sourceTree = "<group>";
		};
		7761A596236C35E80067C209 /* TripList */ = {
			isa = PBXGroup;
			children = (
				7736190B235F72A100AE271D /* TripListTableViewController.swift */,
				773619132362359E00AE271D /* TripListTableViewDataSourse.swift */,
				775F54592385CB12005F9AB2 /* TripListTableViewTrailingSwipeAction.swift */,
				774BC880238A8F0900BFC226 /* TripListTableSegueManager.swift */,
				7761A58C236A05AF0067C209 /* TripListNavigationBarDesign.swift */,
			);
			path = TripList;
			sourceTree = "<group>";
		};
		7761A597236C35F60067C209 /* Trip */ = {
			isa = PBXGroup;
			children = (
				7761A590236B80900067C209 /* TripTableViewController.swift */,
				7761A599236CC46D0067C209 /* TripTableViewDataSourse.swift */,
				77CDE747238BD65C00802DF3 /* TripTableSegueManager.swift */,
				7761A592236C29C90067C209 /* TripNavigationBarDesign.swift */,
			);
			path = Trip;
			sourceTree = "<group>";
		};
		7761A598236C36130067C209 /* Models */ = {
			isa = PBXGroup;
			children = (
				7736190D235F79C100AE271D /* TripListModel.swift */,
				7736190F235F7E5E00AE271D /* EventModel.swift */,
				7761A59F236F10DD0067C209 /* EventTypeModel.swift */,
			);
			path = Models;
			sourceTree = "<group>";
		};
		7761A5A1236F14920067C209 /* AddEvent */ = {
			isa = PBXGroup;
			children = (
				7761A58E236B780C0067C209 /* AddEventViewController.swift */,
				77D418C423708FA90095CD98 /* AddEventNavigationBarDesign.swift */,
				7761A59D236F0D250067C209 /* AddEventPickerViewDataSourse.swift */,
			);
			path = AddEvent;
			sourceTree = "<group>";
		};
		7761A5A4236F1A650067C209 /* AddTrip */ = {
			isa = PBXGroup;
			children = (
				77D418BE236F52C90095CD98 /* AddTripViewController.swift */,
				77D418C82371E7CB0095CD98 /* AddTripAlertContoller.swift */,
				77CDE749238C809B00802DF3 /* AddTripDataEditCheck.swift */,
				774E36B5238B3AAE00DC4624 /* AddTripViewSetupOptions.swift */,
				77D418D12373447A0095CD98 /* AddTripDataPickerDataSourse.swift */,
			);
			path = AddTrip;
			sourceTree = "<group>";
		};
		77D418CC237201DA0095CD98 /* Managers */ = {
			isa = PBXGroup;
			children = (
				7736191123621DCA00AE271D /* StorageManager.swift */,
				77EB954D23887B62003BFFC6 /* TableUpdateManager.swift */,
				7761A594236C322D0067C209 /* ImageManager.swift */,
				77D418D32373524D0095CD98 /* DateManager.swift */,
			);
			path = Managers;
			sourceTree = "<group>";
		};
/* End PBXGroup section */

/* Begin PBXNativeTarget section */
		773618F3235F6EDF00AE271D /* TripBook */ = {
			isa = PBXNativeTarget;
			buildConfigurationList = 77361908235F6EE000AE271D /* Build configuration list for PBXNativeTarget "TripBook" */;
			buildPhases = (
				B3D1AB4FE29BFD4AD4220175 /* [CP] Check Pods Manifest.lock */,
				773618F0235F6EDF00AE271D /* Sources */,
				773618F1235F6EDF00AE271D /* Frameworks */,
				773618F2235F6EDF00AE271D /* Resources */,
				2104004C1B5ECE5D3D1BFE2D /* [CP] Embed Pods Frameworks */,
			);
			buildRules = (
			);
			dependencies = (
			);
			name = TripBook;
			productName = TripBook;
			productReference = 773618F4235F6EDF00AE271D /* TripBook.app */;
			productType = "com.apple.product-type.application";
		};
/* End PBXNativeTarget section */

/* Begin PBXProject section */
		773618EC235F6EDF00AE271D /* Project object */ = {
			isa = PBXProject;
			attributes = {
				LastSwiftUpdateCheck = 1110;
				LastUpgradeCheck = 1110;
				ORGANIZATIONNAME = Viktor;
				TargetAttributes = {
					773618F3235F6EDF00AE271D = {
						CreatedOnToolsVersion = 11.1;
					};
				};
			};
			buildConfigurationList = 773618EF235F6EDF00AE271D /* Build configuration list for PBXProject "TripBook" */;
			compatibilityVersion = "Xcode 9.3";
			developmentRegion = en;
			hasScannedForEncodings = 0;
			knownRegions = (
				en,
				Base,
			);
			mainGroup = 773618EB235F6EDF00AE271D;
			productRefGroup = 773618F5235F6EDF00AE271D /* Products */;
			projectDirPath = "";
			projectRoot = "";
			targets = (
				773618F3235F6EDF00AE271D /* TripBook */,
			);
		};
/* End PBXProject section */

/* Begin PBXResourcesBuildPhase section */
		773618F2235F6EDF00AE271D /* Resources */ = {
			isa = PBXResourcesBuildPhase;
			buildActionMask = 2147483647;
			files = (
				77361904235F6EE000AE271D /* LaunchScreen.storyboard in Resources */,
				77361901235F6EE000AE271D /* Assets.xcassets in Resources */,
				773618FF235F6EDF00AE271D /* Main.storyboard in Resources */,
			);
			runOnlyForDeploymentPostprocessing = 0;
		};
/* End PBXResourcesBuildPhase section */

/* Begin PBXShellScriptBuildPhase section */
		2104004C1B5ECE5D3D1BFE2D /* [CP] Embed Pods Frameworks */ = {
			isa = PBXShellScriptBuildPhase;
			buildActionMask = 2147483647;
			files = (
			);
			inputFileListPaths = (
				"${PODS_ROOT}/Target Support Files/Pods-TripBook/Pods-TripBook-frameworks-${CONFIGURATION}-input-files.xcfilelist",
			);
			name = "[CP] Embed Pods Frameworks";
			outputFileListPaths = (
				"${PODS_ROOT}/Target Support Files/Pods-TripBook/Pods-TripBook-frameworks-${CONFIGURATION}-output-files.xcfilelist",
			);
			runOnlyForDeploymentPostprocessing = 0;
			shellPath = /bin/sh;
			shellScript = "\"${PODS_ROOT}/Target Support Files/Pods-TripBook/Pods-TripBook-frameworks.sh\"\n";
			showEnvVarsInLog = 0;
		};
		B3D1AB4FE29BFD4AD4220175 /* [CP] Check Pods Manifest.lock */ = {
			isa = PBXShellScriptBuildPhase;
			buildActionMask = 2147483647;
			files = (
			);
			inputFileListPaths = (
			);
			inputPaths = (
				"${PODS_PODFILE_DIR_PATH}/Podfile.lock",
				"${PODS_ROOT}/Manifest.lock",
			);
			name = "[CP] Check Pods Manifest.lock";
			outputFileListPaths = (
			);
			outputPaths = (
				"$(DERIVED_FILE_DIR)/Pods-TripBook-checkManifestLockResult.txt",
			);
			runOnlyForDeploymentPostprocessing = 0;
			shellPath = /bin/sh;
			shellScript = "diff \"${PODS_PODFILE_DIR_PATH}/Podfile.lock\" \"${PODS_ROOT}/Manifest.lock\" > /dev/null\nif [ $? != 0 ] ; then\n    # print error to STDERR\n    echo \"error: The sandbox is not in sync with the Podfile.lock. Run 'pod install' or update your CocoaPods installation.\" >&2\n    exit 1\nfi\n# This output is used by Xcode 'outputs' to avoid re-running this script phase.\necho \"SUCCESS\" > \"${SCRIPT_OUTPUT_FILE_0}\"\n";
			showEnvVarsInLog = 0;
		};
/* End PBXShellScriptBuildPhase section */

/* Begin PBXSourcesBuildPhase section */
		773618F0235F6EDF00AE271D /* Sources */ = {
			isa = PBXSourcesBuildPhase;
			buildActionMask = 2147483647;
			files = (
				77D418D42373524D0095CD98 /* DateManager.swift in Sources */,
				77D418C72371E5A30095CD98 /* AddTripPickerViewDataSourse.swift in Sources */,
				77D418BF236F52C90095CD98 /* AddTripViewController.swift in Sources */,
				7761A591236B80900067C209 /* TripTableViewController.swift in Sources */,
				7736190C235F72A100AE271D /* TripListTableViewController.swift in Sources */,
				77D418D22373447A0095CD98 /* AddTripDataPickerDataSourse.swift in Sources */,
				7761A593236C29C90067C209 /* TripNavigationBarDesign.swift in Sources */,
				77CDE74A238C809B00802DF3 /* AddTripDataEditCheck.swift in Sources */,
				7761A5A0236F10DD0067C209 /* EventTypeModel.swift in Sources */,
				773618F8235F6EDF00AE271D /* AppDelegate.swift in Sources */,
				77D418CE237202000095CD98 /* UIButtonExtension.swift in Sources */,
				7761A59E236F0D250067C209 /* AddEventPickerViewDataSourse.swift in Sources */,
				7736190E235F79C100AE271D /* TripListModel.swift in Sources */,
				774E36B6238B3AAE00DC4624 /* AddTripViewSetupOptions.swift in Sources */,
				77EB954E23887B62003BFFC6 /* TableUpdateManager.swift in Sources */,
				7761A58F236B780C0067C209 /* AddEventViewController.swift in Sources */,
				7761A595236C322D0067C209 /* ImageManager.swift in Sources */,
				77D418C523708FA90095CD98 /* AddEventNavigationBarDesign.swift in Sources */,
				773619142362359E00AE271D /* TripListTableViewDataSourse.swift in Sources */,
				7736191223621DCA00AE271D /* StorageManager.swift in Sources */,
				77361910235F7E5E00AE271D /* EventModel.swift in Sources */,
				77CDE748238BD65C00802DF3 /* TripTableSegueManager.swift in Sources */,
				775F545A2385CB12005F9AB2 /* TripListTableViewTrailingSwipeAction.swift in Sources */,
				7761A59A236CC46D0067C209 /* TripTableViewDataSourse.swift in Sources */,
				77D418C92371E7CB0095CD98 /* AddTripAlertContoller.swift in Sources */,
				773618FA235F6EDF00AE271D /* SceneDelegate.swift in Sources */,
				7761A58D236A05AF0067C209 /* TripListNavigationBarDesign.swift in Sources */,
				774BC881238A8F0900BFC226 /* TripListTableSegueManager.swift in Sources */,
			);
			runOnlyForDeploymentPostprocessing = 0;
		};
/* End PBXSourcesBuildPhase section */

/* Begin PBXVariantGroup section */
		773618FD235F6EDF00AE271D /* Main.storyboard */ = {
			isa = PBXVariantGroup;
			children = (
				773618FE235F6EDF00AE271D /* Base */,
			);
			name = Main.storyboard;
			sourceTree = "<group>";
		};
		77361902235F6EE000AE271D /* LaunchScreen.storyboard */ = {
			isa = PBXVariantGroup;
			children = (
				77361903235F6EE000AE271D /* Base */,
			);
			name = LaunchScreen.storyboard;
			sourceTree = "<group>";
		};
/* End PBXVariantGroup section */

/* Begin XCBuildConfiguration section */
		77361906235F6EE000AE271D /* Debug */ = {
			isa = XCBuildConfiguration;
			buildSettings = {
				ALWAYS_SEARCH_USER_PATHS = NO;
				CLANG_ANALYZER_NONNULL = YES;
				CLANG_ANALYZER_NUMBER_OBJECT_CONVERSION = YES_AGGRESSIVE;
				CLANG_CXX_LANGUAGE_STANDARD = "gnu++14";
				CLANG_CXX_LIBRARY = "libc++";
				CLANG_ENABLE_MODULES = YES;
				CLANG_ENABLE_OBJC_ARC = YES;
				CLANG_ENABLE_OBJC_WEAK = YES;
				CLANG_WARN_BLOCK_CAPTURE_AUTORELEASING = YES;
				CLANG_WARN_BOOL_CONVERSION = YES;
				CLANG_WARN_COMMA = YES;
				CLANG_WARN_CONSTANT_CONVERSION = YES;
				CLANG_WARN_DEPRECATED_OBJC_IMPLEMENTATIONS = YES;
				CLANG_WARN_DIRECT_OBJC_ISA_USAGE = YES_ERROR;
				CLANG_WARN_DOCUMENTATION_COMMENTS = YES;
				CLANG_WARN_EMPTY_BODY = YES;
				CLANG_WARN_ENUM_CONVERSION = YES;
				CLANG_WARN_INFINITE_RECURSION = YES;
				CLANG_WARN_INT_CONVERSION = YES;
				CLANG_WARN_NON_LITERAL_NULL_CONVERSION = YES;
				CLANG_WARN_OBJC_IMPLICIT_RETAIN_SELF = YES;
				CLANG_WARN_OBJC_LITERAL_CONVERSION = YES;
				CLANG_WARN_OBJC_ROOT_CLASS = YES_ERROR;
				CLANG_WARN_RANGE_LOOP_ANALYSIS = YES;
				CLANG_WARN_STRICT_PROTOTYPES = YES;
				CLANG_WARN_SUSPICIOUS_MOVE = YES;
				CLANG_WARN_UNGUARDED_AVAILABILITY = YES_AGGRESSIVE;
				CLANG_WARN_UNREACHABLE_CODE = YES;
				CLANG_WARN__DUPLICATE_METHOD_MATCH = YES;
				COPY_PHASE_STRIP = NO;
				DEBUG_INFORMATION_FORMAT = dwarf;
				ENABLE_STRICT_OBJC_MSGSEND = YES;
				ENABLE_TESTABILITY = YES;
				GCC_C_LANGUAGE_STANDARD = gnu11;
				GCC_DYNAMIC_NO_PIC = NO;
				GCC_NO_COMMON_BLOCKS = YES;
				GCC_OPTIMIZATION_LEVEL = 0;
				GCC_PREPROCESSOR_DEFINITIONS = (
					"DEBUG=1",
					"$(inherited)",
				);
				GCC_WARN_64_TO_32_BIT_CONVERSION = YES;
				GCC_WARN_ABOUT_RETURN_TYPE = YES_ERROR;
				GCC_WARN_UNDECLARED_SELECTOR = YES;
				GCC_WARN_UNINITIALIZED_AUTOS = YES_AGGRESSIVE;
				GCC_WARN_UNUSED_FUNCTION = YES;
				GCC_WARN_UNUSED_VARIABLE = YES;
				IPHONEOS_DEPLOYMENT_TARGET = 13.1;
				MTL_ENABLE_DEBUG_INFO = INCLUDE_SOURCE;
				MTL_FAST_MATH = YES;
				ONLY_ACTIVE_ARCH = YES;
				SDKROOT = iphoneos;
				SWIFT_ACTIVE_COMPILATION_CONDITIONS = DEBUG;
				SWIFT_OPTIMIZATION_LEVEL = "-Onone";
			};
			name = Debug;
		};
		77361907235F6EE000AE271D /* Release */ = {
			isa = XCBuildConfiguration;
			buildSettings = {
				ALWAYS_SEARCH_USER_PATHS = NO;
				CLANG_ANALYZER_NONNULL = YES;
				CLANG_ANALYZER_NUMBER_OBJECT_CONVERSION = YES_AGGRESSIVE;
				CLANG_CXX_LANGUAGE_STANDARD = "gnu++14";
				CLANG_CXX_LIBRARY = "libc++";
				CLANG_ENABLE_MODULES = YES;
				CLANG_ENABLE_OBJC_ARC = YES;
				CLANG_ENABLE_OBJC_WEAK = YES;
				CLANG_WARN_BLOCK_CAPTURE_AUTORELEASING = YES;
				CLANG_WARN_BOOL_CONVERSION = YES;
				CLANG_WARN_COMMA = YES;
				CLANG_WARN_CONSTANT_CONVERSION = YES;
				CLANG_WARN_DEPRECATED_OBJC_IMPLEMENTATIONS = YES;
				CLANG_WARN_DIRECT_OBJC_ISA_USAGE = YES_ERROR;
				CLANG_WARN_DOCUMENTATION_COMMENTS = YES;
				CLANG_WARN_EMPTY_BODY = YES;
				CLANG_WARN_ENUM_CONVERSION = YES;
				CLANG_WARN_INFINITE_RECURSION = YES;
				CLANG_WARN_INT_CONVERSION = YES;
				CLANG_WARN_NON_LITERAL_NULL_CONVERSION = YES;
				CLANG_WARN_OBJC_IMPLICIT_RETAIN_SELF = YES;
				CLANG_WARN_OBJC_LITERAL_CONVERSION = YES;
				CLANG_WARN_OBJC_ROOT_CLASS = YES_ERROR;
				CLANG_WARN_RANGE_LOOP_ANALYSIS = YES;
				CLANG_WARN_STRICT_PROTOTYPES = YES;
				CLANG_WARN_SUSPICIOUS_MOVE = YES;
				CLANG_WARN_UNGUARDED_AVAILABILITY = YES_AGGRESSIVE;
				CLANG_WARN_UNREACHABLE_CODE = YES;
				CLANG_WARN__DUPLICATE_METHOD_MATCH = YES;
				COPY_PHASE_STRIP = NO;
				DEBUG_INFORMATION_FORMAT = "dwarf-with-dsym";
				ENABLE_NS_ASSERTIONS = NO;
				ENABLE_STRICT_OBJC_MSGSEND = YES;
				GCC_C_LANGUAGE_STANDARD = gnu11;
				GCC_NO_COMMON_BLOCKS = YES;
				GCC_WARN_64_TO_32_BIT_CONVERSION = YES;
				GCC_WARN_ABOUT_RETURN_TYPE = YES_ERROR;
				GCC_WARN_UNDECLARED_SELECTOR = YES;
				GCC_WARN_UNINITIALIZED_AUTOS = YES_AGGRESSIVE;
				GCC_WARN_UNUSED_FUNCTION = YES;
				GCC_WARN_UNUSED_VARIABLE = YES;
				IPHONEOS_DEPLOYMENT_TARGET = 13.1;
				MTL_ENABLE_DEBUG_INFO = NO;
				MTL_FAST_MATH = YES;
				SDKROOT = iphoneos;
				SWIFT_COMPILATION_MODE = wholemodule;
				SWIFT_OPTIMIZATION_LEVEL = "-O";
				VALIDATE_PRODUCT = YES;
			};
			name = Release;
		};
		77361909235F6EE000AE271D /* Debug */ = {
			isa = XCBuildConfiguration;
			baseConfigurationReference = E65C64B9C3CE5F90A3E71351 /* Pods-TripBook.debug.xcconfig */;
			buildSettings = {
				ASSETCATALOG_COMPILER_APPICON_NAME = AppIcon;
				CODE_SIGN_STYLE = Automatic;
				INFOPLIST_FILE = TripBook/Info.plist;
				LD_RUNPATH_SEARCH_PATHS = (
					"$(inherited)",
					"@executable_path/Frameworks",
				);
				PRODUCT_BUNDLE_IDENTIFIER = "VP-P.TripBook";
				PRODUCT_NAME = "$(TARGET_NAME)";
				SWIFT_VERSION = 5.0;
				TARGETED_DEVICE_FAMILY = 1;
			};
			name = Debug;
		};
		7736190A235F6EE000AE271D /* Release */ = {
			isa = XCBuildConfiguration;
			baseConfigurationReference = 7F5333B0C2092ED975E3E899 /* Pods-TripBook.release.xcconfig */;
			buildSettings = {
				ASSETCATALOG_COMPILER_APPICON_NAME = AppIcon;
				CODE_SIGN_STYLE = Automatic;
				INFOPLIST_FILE = TripBook/Info.plist;
				LD_RUNPATH_SEARCH_PATHS = (
					"$(inherited)",
					"@executable_path/Frameworks",
				);
				PRODUCT_BUNDLE_IDENTIFIER = "VP-P.TripBook";
				PRODUCT_NAME = "$(TARGET_NAME)";
				SWIFT_VERSION = 5.0;
				TARGETED_DEVICE_FAMILY = 1;
			};
			name = Release;
		};
/* End XCBuildConfiguration section */

/* Begin XCConfigurationList section */
		773618EF235F6EDF00AE271D /* Build configuration list for PBXProject "TripBook" */ = {
			isa = XCConfigurationList;
			buildConfigurations = (
				77361906235F6EE000AE271D /* Debug */,
				77361907235F6EE000AE271D /* Release */,
			);
			defaultConfigurationIsVisible = 0;
			defaultConfigurationName = Release;
		};
		77361908235F6EE000AE271D /* Build configuration list for PBXNativeTarget "TripBook" */ = {
			isa = XCConfigurationList;
			buildConfigurations = (
				77361909235F6EE000AE271D /* Debug */,
				7736190A235F6EE000AE271D /* Release */,
			);
			defaultConfigurationIsVisible = 0;
			defaultConfigurationName = Release;
		};
/* End XCConfigurationList section */
	};
	rootObject = 773618EC235F6EDF00AE271D /* Project object */;
}
